
Microsoft Visual Studio Solution File, Format Version 12.00
# Visual Studio Version 17
VisualStudioVersion = 17.12.35707.178 d17.12
MinimumVisualStudioVersion = 10.0.40219.1
Project("{FAE04EC0-301F-11D3-BF4B-00C04F79EFBC}") = "AddressBook", "AddressBook\AddressBook.csproj", "{3973DFFB-A101-452F-9720-33F4B6BC1F7B}"
EndProject
Project("{FAE04EC0-301F-11D3-BF4B-00C04F79EFBC}") = "BusinessLayer", "BusinessLayer\BusinessLayer.csproj", "{C9CA38F9-80CA-48DF-BD9D-0C22CD753049}"
EndProject
Project("{FAE04EC0-301F-11D3-BF4B-00C04F79EFBC}") = "RepositoryLayer", "RepositoryLayer\RepositoryLayer.csproj", "{6E8BFA58-186F-4A74-9B64-825221D9A2F1}"
EndProject
Project("{FAE04EC0-301F-11D3-BF4B-00C04F79EFBC}") = "ModelLayer", "ModelLayer\ModelLayer.csproj", "{32A51991-69B5-4560-AFEF-082889E69880}"
EndProject
Global
	GlobalSection(SolutionConfigurationPlatforms) = preSolution
		Debug|Any CPU = Debug|Any CPU
		Release|Any CPU = Release|Any CPU
	EndGlobalSection
	GlobalSection(ProjectConfigurationPlatforms) = postSolution
		{3973DFFB-A101-452F-9720-33F4B6BC1F7B}.Debug|Any CPU.ActiveCfg = Debug|Any CPU
		{3973DFFB-A101-452F-9720-33F4B6BC1F7B}.Debug|Any CPU.Build.0 = Debug|Any CPU
		{3973DFFB-A101-452F-9720-33F4B6BC1F7B}.Release|Any CPU.ActiveCfg = Release|Any CPU
		{3973DFFB-A101-452F-9720-33F4B6BC1F7B}.Release|Any CPU.Build.0 = Release|Any CPU
		{C9CA38F9-80CA-48DF-BD9D-0C22CD753049}.Debug|Any CPU.ActiveCfg = Debug|Any CPU
		{C9CA38F9-80CA-48DF-BD9D-0C22CD753049}.Debug|Any CPU.Build.0 = Debug|Any CPU
		{C9CA38F9-80CA-48DF-BD9D-0C22CD753049}.Release|Any CPU.ActiveCfg = Release|Any CPU
		{C9CA38F9-80CA-48DF-BD9D-0C22CD753049}.Release|Any CPU.Build.0 = Release|Any CPU
		{6E8BFA58-186F-4A74-9B64-825221D9A2F1}.Debug|Any CPU.ActiveCfg = Debug|Any CPU
		{6E8BFA58-186F-4A74-9B64-825221D9A2F1}.Debug|Any CPU.Build.0 = Debug|Any CPU
		{6E8BFA58-186F-4A74-9B64-825221D9A2F1}.Release|Any CPU.ActiveCfg = Release|Any CPU
		{6E8BFA58-186F-4A74-9B64-825221D9A2F1}.Release|Any CPU.Build.0 = Release|Any CPU
		{32A51991-69B5-4560-AFEF-082889E69880}.Debug|Any CPU.ActiveCfg = Debug|Any CPU
		{32A51991-69B5-4560-AFEF-082889E69880}.Debug|Any CPU.Build.0 = Debug|Any CPU
		{32A51991-69B5-4560-AFEF-082889E69880}.Release|Any CPU.ActiveCfg = Release|Any CPU
		{32A51991-69B5-4560-AFEF-082889E69880}.Release|Any CPU.Build.0 = Release|Any CPU
	EndGlobalSection
	GlobalSection(SolutionProperties) = preSolution
		HideSolutionNode = FALSE
	EndGlobalSection
EndGlobal
